// !$*UTF8*$!
{
	archiveVersion = 1;
	classes = {
	};
	objectVersion = 55;
	objects = {

/* Begin PBXBuildFile section */
		940D380127B7241700231AD1 /* MeasureViewController.swift in Sources */ = {isa = PBXBuildFile; fileRef = 940D380027B7241700231AD1 /* MeasureViewController.swift */; };
		940D380327B7244200231AD1 /* MeasureSCNView.swift in Sources */ = {isa = PBXBuildFile; fileRef = 940D380227B7244200231AD1 /* MeasureSCNView.swift */; };
		940D380527B7246200231AD1 /* SCNSphere+Init.swift in Sources */ = {isa = PBXBuildFile; fileRef = 940D380427B7246200231AD1 /* SCNSphere+Init.swift */; };
		940D380727B7247B00231AD1 /* AreaViewController.swift in Sources */ = {isa = PBXBuildFile; fileRef = 940D380627B7247B00231AD1 /* AreaViewController.swift */; };
		940D380927B7249500231AD1 /* DistanceMeasureViewController.swift in Sources */ = {isa = PBXBuildFile; fileRef = 940D380827B7249500231AD1 /* DistanceMeasureViewController.swift */; };
		940D380B27B724A700231AD1 /* LineNode.swift in Sources */ = {isa = PBXBuildFile; fileRef = 940D380A27B724A700231AD1 /* LineNode.swift */; };
		940D380D27B724CB00231AD1 /* Measure.storyboard in Resources */ = {isa = PBXBuildFile; fileRef = 940D380C27B724CB00231AD1 /* Measure.storyboard */; };
		940D381027B7283E00231AD1 /* ReconstructionViewController.swift in Sources */ = {isa = PBXBuildFile; fileRef = 940D380F27B7283E00231AD1 /* ReconstructionViewController.swift */; };
		940D381227B7287800231AD1 /* Reconstruction.storyboard in Resources */ = {isa = PBXBuildFile; fileRef = 940D381127B7287800231AD1 /* Reconstruction.storyboard */; };
		940D381527B72A0E00231AD1 /* ARMeshGeometry+Ext.swift in Sources */ = {isa = PBXBuildFile; fileRef = 940D381427B72A0E00231AD1 /* ARMeshGeometry+Ext.swift */; };
		940D381727B72A5400231AD1 /* ARFrame+Ext.swift in Sources */ = {isa = PBXBuildFile; fileRef = 940D381627B72A5400231AD1 /* ARFrame+Ext.swift */; };
		940D381927B72A7900231AD1 /* MDLMesh+Ext.swift in Sources */ = {isa = PBXBuildFile; fileRef = 940D381827B72A7900231AD1 /* MDLMesh+Ext.swift */; };
		940D381B27B72A9400231AD1 /* SCNGeometry+Ext.swift in Sources */ = {isa = PBXBuildFile; fileRef = 940D381A27B72A9400231AD1 /* SCNGeometry+Ext.swift */; };
		9412DA25276A0AFF0021A441 /* UserViewModel.swift in Sources */ = {isa = PBXBuildFile; fileRef = 9412DA24276A0AFF0021A441 /* UserViewModel.swift */; };
		944A4B4E27366DAA00811D53 /* LoginViewModel.swift in Sources */ = {isa = PBXBuildFile; fileRef = 944A4B4D27366DAA00811D53 /* LoginViewModel.swift */; };
		944A4B5027366FB100811D53 /* Credentials.swift in Sources */ = {isa = PBXBuildFile; fileRef = 944A4B4F27366FB100811D53 /* Credentials.swift */; };
		944A4B5227366FEB00811D53 /* APIService.swift in Sources */ = {isa = PBXBuildFile; fileRef = 944A4B5127366FEB00811D53 /* APIService.swift */; };
		944A4B54273671C400811D53 /* UIApplication+Extension.swift in Sources */ = {isa = PBXBuildFile; fileRef = 944A4B53273671C400811D53 /* UIApplication+Extension.swift */; };
		944A4B56273672B400811D53 /* LoginView.swift in Sources */ = {isa = PBXBuildFile; fileRef = 944A4B55273672B400811D53 /* LoginView.swift */; };
		944A4B5827367CE300811D53 /* Authentication.swift in Sources */ = {isa = PBXBuildFile; fileRef = 944A4B5727367CE300811D53 /* Authentication.swift */; };
		94996E39272D3939003E6D96 /* OnormesApp.swift in Sources */ = {isa = PBXBuildFile; fileRef = 94996E38272D3939003E6D96 /* OnormesApp.swift */; };
		94996E3D272D393B003E6D96 /* Assets.xcassets in Resources */ = {isa = PBXBuildFile; fileRef = 94996E3C272D393B003E6D96 /* Assets.xcassets */; };
		94996E40272D393B003E6D96 /* Preview Assets.xcassets in Resources */ = {isa = PBXBuildFile; fileRef = 94996E3F272D393B003E6D96 /* Preview Assets.xcassets */; };
		94CD61F027674E5B0046B02E /* ProfileView.swift in Sources */ = {isa = PBXBuildFile; fileRef = 94CD61EF27674E5B0046B02E /* ProfileView.swift */; };
		94CD61F227679D0A0046B02E /* GeometryUtils.swift in Sources */ = {isa = PBXBuildFile; fileRef = 94CD61F127679D0A0046B02E /* GeometryUtils.swift */; };
		EA00C1F828C7663300CED8AC /* Prestage.swift in Sources */ = {isa = PBXBuildFile; fileRef = EA00C1F728C7663300CED8AC /* Prestage.swift */; };
		EA02F75B287B2F5400954209 /* StageDelegate.swift in Sources */ = {isa = PBXBuildFile; fileRef = EA02F75A287B2F5400954209 /* StageDelegate.swift */; };
		EA0B2B6528D648F0001F38D7 /* SaveMode.swift in Sources */ = {isa = PBXBuildFile; fileRef = EA0B2B6428D648F0001F38D7 /* SaveMode.swift */; };
		EA17E3DF282BE7F100F3995F /* Ramp.swift in Sources */ = {isa = PBXBuildFile; fileRef = EA17E3DE282BE7F100F3995F /* Ramp.swift */; };
		EA1D30B027E20A4F004BCC97 /* UserJourneyCoordinator.swift in Sources */ = {isa = PBXBuildFile; fileRef = EA1D30AF27E20A4F004BCC97 /* UserJourneyCoordinator.swift */; };
		EA2DB564289EBFCB00C66C88 /* GenericRegulationView.swift in Sources */ = {isa = PBXBuildFile; fileRef = EA2DB563289EBFCB00C66C88 /* GenericRegulationView.swift */; };
		EA2DB566289EC05600C66C88 /* GenericRegulationViewModel.swift in Sources */ = {isa = PBXBuildFile; fileRef = EA2DB565289EC05600C66C88 /* GenericRegulationViewModel.swift */; };
		EA2DB568289EC0AF00C66C88 /* RegulationsSelection.swift in Sources */ = {isa = PBXBuildFile; fileRef = EA2DB567289EC0AF00C66C88 /* RegulationsSelection.swift */; };
		EA2DB56A289EC13100C66C88 /* DataTypes.swift in Sources */ = {isa = PBXBuildFile; fileRef = EA2DB569289EC13100C66C88 /* DataTypes.swift */; };
		EA52737C28D88D6200E52AF8 /* ExternalPath.swift in Sources */ = {isa = PBXBuildFile; fileRef = EA52737B28D88D6200E52AF8 /* ExternalPath.swift */; };
		EA52737E28D897EA00E52AF8 /* Parking.swift in Sources */ = {isa = PBXBuildFile; fileRef = EA52737D28D897EA00E52AF8 /* Parking.swift */; };
		EA5537D0282A532F00780CB8 /* Corridor.swift in Sources */ = {isa = PBXBuildFile; fileRef = EA5537CF282A532F00780CB8 /* Corridor.swift */; };
		EA5537D2282A5C7F00780CB8 /* WaitingLine.swift in Sources */ = {isa = PBXBuildFile; fileRef = EA5537D1282A5C7F00780CB8 /* WaitingLine.swift */; };
		EA5537D4282A85A800780CB8 /* Stairs.swift in Sources */ = {isa = PBXBuildFile; fileRef = EA5537D3282A85A800780CB8 /* Stairs.swift */; };
		EA6F4D9827E0CD92009CDDAF /* Style.swift in Sources */ = {isa = PBXBuildFile; fileRef = EA6F4D9727E0CD92009CDDAF /* Style.swift */; };
		EA7F07D227F7231300DFC8CE /* Door.swift in Sources */ = {isa = PBXBuildFile; fileRef = EA7F07D127F7231300DFC8CE /* Door.swift */; };
		EA7F07D427F738AA00DFC8CE /* CustomNavigation.swift in Sources */ = {isa = PBXBuildFile; fileRef = EA7F07D327F738AA00DFC8CE /* CustomNavigation.swift */; };
		EA85AB7D28DA1046006D7195 /* AppState.swift in Sources */ = {isa = PBXBuildFile; fileRef = EA85AB7C28DA1046006D7195 /* AppState.swift */; };
		EA87EBFD287C1A2900140E30 /* ReferencedSubSteps.swift in Sources */ = {isa = PBXBuildFile; fileRef = EA87EBFC287C1A2900140E30 /* ReferencedSubSteps.swift */; };
		EA8EB9D128D0CE3300A4FD3C /* SavedAudit.swift in Sources */ = {isa = PBXBuildFile; fileRef = EA8EB9D028D0CE3300A4FD3C /* SavedAudit.swift */; };
		EAAAF480282A8AAC00D7A04B /* Elevator.swift in Sources */ = {isa = PBXBuildFile; fileRef = EAAAF47F282A8AAB00D7A04B /* Elevator.swift */; };
		EAB77C09282E574600185C1A /* SummaryPage.swift in Sources */ = {isa = PBXBuildFile; fileRef = EAB77C08282E574600185C1A /* SummaryPage.swift */; };
		EAC2B98128C636CE001708A5 /* DropDownMenu.swift in Sources */ = {isa = PBXBuildFile; fileRef = EAC2B98028C636CD001708A5 /* DropDownMenu.swift */; };
		EACEA77028CB7DAF007DECAD /* Structures.swift in Sources */ = {isa = PBXBuildFile; fileRef = EACEA76F28CB7DAF007DECAD /* Structures.swift */; };
		EACEA77228CB8413007DECAD /* NavigationBar.swift in Sources */ = {isa = PBXBuildFile; fileRef = EACEA77128CB8413007DECAD /* NavigationBar.swift */; };
		EACEA77428CB84AE007DECAD /* HomeMenu.swift in Sources */ = {isa = PBXBuildFile; fileRef = EACEA77328CB84AE007DECAD /* HomeMenu.swift */; };
		EACEA77628CB8763007DECAD /* Feedback.swift in Sources */ = {isa = PBXBuildFile; fileRef = EACEA77528CB8763007DECAD /* Feedback.swift */; };
/* End PBXBuildFile section */

/* Begin PBXFileReference section */
		940D380027B7241700231AD1 /* MeasureViewController.swift */ = {isa = PBXFileReference; lastKnownFileType = sourcecode.swift; path = MeasureViewController.swift; sourceTree = "<group>"; };
		940D380227B7244200231AD1 /* MeasureSCNView.swift */ = {isa = PBXFileReference; lastKnownFileType = sourcecode.swift; path = MeasureSCNView.swift; sourceTree = "<group>"; };
		940D380427B7246200231AD1 /* SCNSphere+Init.swift */ = {isa = PBXFileReference; lastKnownFileType = sourcecode.swift; path = "SCNSphere+Init.swift"; sourceTree = "<group>"; };
		940D380627B7247B00231AD1 /* AreaViewController.swift */ = {isa = PBXFileReference; lastKnownFileType = sourcecode.swift; path = AreaViewController.swift; sourceTree = "<group>"; };
		940D380827B7249500231AD1 /* DistanceMeasureViewController.swift */ = {isa = PBXFileReference; lastKnownFileType = sourcecode.swift; path = DistanceMeasureViewController.swift; sourceTree = "<group>"; };
		940D380A27B724A700231AD1 /* LineNode.swift */ = {isa = PBXFileReference; lastKnownFileType = sourcecode.swift; path = LineNode.swift; sourceTree = "<group>"; };
		940D380C27B724CB00231AD1 /* Measure.storyboard */ = {isa = PBXFileReference; lastKnownFileType = file.storyboard; path = Measure.storyboard; sourceTree = "<group>"; };
		940D380F27B7283E00231AD1 /* ReconstructionViewController.swift */ = {isa = PBXFileReference; lastKnownFileType = sourcecode.swift; path = ReconstructionViewController.swift; sourceTree = "<group>"; };
		940D381127B7287800231AD1 /* Reconstruction.storyboard */ = {isa = PBXFileReference; lastKnownFileType = file.storyboard; path = Reconstruction.storyboard; sourceTree = "<group>"; };
		940D381427B72A0E00231AD1 /* ARMeshGeometry+Ext.swift */ = {isa = PBXFileReference; lastKnownFileType = sourcecode.swift; path = "ARMeshGeometry+Ext.swift"; sourceTree = "<group>"; };
		940D381627B72A5400231AD1 /* ARFrame+Ext.swift */ = {isa = PBXFileReference; lastKnownFileType = sourcecode.swift; path = "ARFrame+Ext.swift"; sourceTree = "<group>"; };
		940D381827B72A7900231AD1 /* MDLMesh+Ext.swift */ = {isa = PBXFileReference; lastKnownFileType = sourcecode.swift; path = "MDLMesh+Ext.swift"; sourceTree = "<group>"; };
		940D381A27B72A9400231AD1 /* SCNGeometry+Ext.swift */ = {isa = PBXFileReference; lastKnownFileType = sourcecode.swift; path = "SCNGeometry+Ext.swift"; sourceTree = "<group>"; };
		9412DA24276A0AFF0021A441 /* UserViewModel.swift */ = {isa = PBXFileReference; lastKnownFileType = sourcecode.swift; path = UserViewModel.swift; sourceTree = "<group>"; };
		944A4B4D27366DAA00811D53 /* LoginViewModel.swift */ = {isa = PBXFileReference; lastKnownFileType = sourcecode.swift; path = LoginViewModel.swift; sourceTree = "<group>"; };
		944A4B4F27366FB100811D53 /* Credentials.swift */ = {isa = PBXFileReference; lastKnownFileType = sourcecode.swift; path = Credentials.swift; sourceTree = "<group>"; };
		944A4B5127366FEB00811D53 /* APIService.swift */ = {isa = PBXFileReference; lastKnownFileType = sourcecode.swift; path = APIService.swift; sourceTree = "<group>"; };
		944A4B53273671C400811D53 /* UIApplication+Extension.swift */ = {isa = PBXFileReference; lastKnownFileType = sourcecode.swift; path = "UIApplication+Extension.swift"; sourceTree = "<group>"; };
		944A4B55273672B400811D53 /* LoginView.swift */ = {isa = PBXFileReference; lastKnownFileType = sourcecode.swift; path = LoginView.swift; sourceTree = "<group>"; };
		944A4B5727367CE300811D53 /* Authentication.swift */ = {isa = PBXFileReference; lastKnownFileType = sourcecode.swift; path = Authentication.swift; sourceTree = "<group>"; };
		94996E35272D3939003E6D96 /* Onormes.app */ = {isa = PBXFileReference; explicitFileType = wrapper.application; includeInIndex = 0; path = Onormes.app; sourceTree = BUILT_PRODUCTS_DIR; };
		94996E38272D3939003E6D96 /* OnormesApp.swift */ = {isa = PBXFileReference; lastKnownFileType = sourcecode.swift; path = OnormesApp.swift; sourceTree = "<group>"; };
		94996E3C272D393B003E6D96 /* Assets.xcassets */ = {isa = PBXFileReference; lastKnownFileType = folder.assetcatalog; path = Assets.xcassets; sourceTree = "<group>"; };
		94996E3F272D393B003E6D96 /* Preview Assets.xcassets */ = {isa = PBXFileReference; lastKnownFileType = folder.assetcatalog; path = "Preview Assets.xcassets"; sourceTree = "<group>"; };
		949FE4ED272D6B4E008DD273 /* Info.plist */ = {isa = PBXFileReference; lastKnownFileType = text.plist; path = Info.plist; sourceTree = "<group>"; };
		94CD61EF27674E5B0046B02E /* ProfileView.swift */ = {isa = PBXFileReference; lastKnownFileType = sourcecode.swift; path = ProfileView.swift; sourceTree = "<group>"; };
		94CD61F127679D0A0046B02E /* GeometryUtils.swift */ = {isa = PBXFileReference; lastKnownFileType = sourcecode.swift; path = GeometryUtils.swift; sourceTree = "<group>"; };
		EA00C1F728C7663300CED8AC /* Prestage.swift */ = {isa = PBXFileReference; lastKnownFileType = sourcecode.swift; path = Prestage.swift; sourceTree = "<group>"; };
		EA02F75A287B2F5400954209 /* StageDelegate.swift */ = {isa = PBXFileReference; lastKnownFileType = sourcecode.swift; path = StageDelegate.swift; sourceTree = "<group>"; };
		EA0B2B6428D648F0001F38D7 /* SaveMode.swift */ = {isa = PBXFileReference; lastKnownFileType = sourcecode.swift; path = SaveMode.swift; sourceTree = "<group>"; };
		EA17E3DE282BE7F100F3995F /* Ramp.swift */ = {isa = PBXFileReference; lastKnownFileType = sourcecode.swift; path = Ramp.swift; sourceTree = "<group>"; };
		EA1D30AF27E20A4F004BCC97 /* UserJourneyCoordinator.swift */ = {isa = PBXFileReference; lastKnownFileType = sourcecode.swift; path = UserJourneyCoordinator.swift; sourceTree = "<group>"; };
		EA2DB563289EBFCB00C66C88 /* GenericRegulationView.swift */ = {isa = PBXFileReference; lastKnownFileType = sourcecode.swift; path = GenericRegulationView.swift; sourceTree = "<group>"; };
		EA2DB565289EC05600C66C88 /* GenericRegulationViewModel.swift */ = {isa = PBXFileReference; lastKnownFileType = sourcecode.swift; path = GenericRegulationViewModel.swift; sourceTree = "<group>"; };
		EA2DB567289EC0AF00C66C88 /* RegulationsSelection.swift */ = {isa = PBXFileReference; lastKnownFileType = sourcecode.swift; path = RegulationsSelection.swift; sourceTree = "<group>"; };
		EA2DB569289EC13100C66C88 /* DataTypes.swift */ = {isa = PBXFileReference; lastKnownFileType = sourcecode.swift; path = DataTypes.swift; sourceTree = "<group>"; };
		EA52737B28D88D6200E52AF8 /* ExternalPath.swift */ = {isa = PBXFileReference; lastKnownFileType = sourcecode.swift; path = ExternalPath.swift; sourceTree = "<group>"; };
		EA52737D28D897EA00E52AF8 /* Parking.swift */ = {isa = PBXFileReference; lastKnownFileType = sourcecode.swift; path = Parking.swift; sourceTree = "<group>"; };
		EA5537CF282A532F00780CB8 /* Corridor.swift */ = {isa = PBXFileReference; lastKnownFileType = sourcecode.swift; path = Corridor.swift; sourceTree = "<group>"; };
		EA5537D1282A5C7F00780CB8 /* WaitingLine.swift */ = {isa = PBXFileReference; lastKnownFileType = sourcecode.swift; path = WaitingLine.swift; sourceTree = "<group>"; };
		EA5537D3282A85A800780CB8 /* Stairs.swift */ = {isa = PBXFileReference; lastKnownFileType = sourcecode.swift; path = Stairs.swift; sourceTree = "<group>"; };
		EA6F4D9727E0CD92009CDDAF /* Style.swift */ = {isa = PBXFileReference; lastKnownFileType = sourcecode.swift; path = Style.swift; sourceTree = "<group>"; };
		EA7F07D127F7231300DFC8CE /* Door.swift */ = {isa = PBXFileReference; lastKnownFileType = sourcecode.swift; path = Door.swift; sourceTree = "<group>"; };
		EA7F07D327F738AA00DFC8CE /* CustomNavigation.swift */ = {isa = PBXFileReference; lastKnownFileType = sourcecode.swift; path = CustomNavigation.swift; sourceTree = "<group>"; };
		EA85AB7C28DA1046006D7195 /* AppState.swift */ = {isa = PBXFileReference; lastKnownFileType = sourcecode.swift; path = AppState.swift; sourceTree = "<group>"; };
		EA87EBFC287C1A2900140E30 /* ReferencedSubSteps.swift */ = {isa = PBXFileReference; lastKnownFileType = sourcecode.swift; path = ReferencedSubSteps.swift; sourceTree = "<group>"; };
		EA8EB9D028D0CE3300A4FD3C /* SavedAudit.swift */ = {isa = PBXFileReference; lastKnownFileType = sourcecode.swift; path = SavedAudit.swift; sourceTree = "<group>"; };
		EAAAF47F282A8AAB00D7A04B /* Elevator.swift */ = {isa = PBXFileReference; lastKnownFileType = sourcecode.swift; path = Elevator.swift; sourceTree = "<group>"; };
		EAB77C08282E574600185C1A /* SummaryPage.swift */ = {isa = PBXFileReference; lastKnownFileType = sourcecode.swift; path = SummaryPage.swift; sourceTree = "<group>"; };
		EAC2B98028C636CD001708A5 /* DropDownMenu.swift */ = {isa = PBXFileReference; lastKnownFileType = sourcecode.swift; path = DropDownMenu.swift; sourceTree = "<group>"; };
		EACEA76F28CB7DAF007DECAD /* Structures.swift */ = {isa = PBXFileReference; lastKnownFileType = sourcecode.swift; path = Structures.swift; sourceTree = "<group>"; };
		EACEA77128CB8413007DECAD /* NavigationBar.swift */ = {isa = PBXFileReference; lastKnownFileType = sourcecode.swift; path = NavigationBar.swift; sourceTree = "<group>"; };
		EACEA77328CB84AE007DECAD /* HomeMenu.swift */ = {isa = PBXFileReference; lastKnownFileType = sourcecode.swift; path = HomeMenu.swift; sourceTree = "<group>"; };
		EACEA77528CB8763007DECAD /* Feedback.swift */ = {isa = PBXFileReference; lastKnownFileType = sourcecode.swift; path = Feedback.swift; sourceTree = "<group>"; };
/* End PBXFileReference section */

/* Begin PBXFrameworksBuildPhase section */
		94996E32272D3939003E6D96 /* Frameworks */ = {
			isa = PBXFrameworksBuildPhase;
			buildActionMask = 2147483647;
			files = (
			);
			runOnlyForDeploymentPostprocessing = 0;
		};
/* End PBXFrameworksBuildPhase section */

/* Begin PBXGroup section */
		94088DCD27404C26002F64D5 /* Views Models */ = {
			isa = PBXGroup;
			children = (
				944A4B4D27366DAA00811D53 /* LoginViewModel.swift */,
				9412DA24276A0AFF0021A441 /* UserViewModel.swift */,
				EA1D30AF27E20A4F004BCC97 /* UserJourneyCoordinator.swift */,
				EA2DB565289EC05600C66C88 /* GenericRegulationViewModel.swift */,
			);
			path = "Views Models";
			sourceTree = "<group>";
		};
		940D37FF27B7236500231AD1 /* Measures */ = {
			isa = PBXGroup;
			children = (
				940D380027B7241700231AD1 /* MeasureViewController.swift */,
				940D380227B7244200231AD1 /* MeasureSCNView.swift */,
				940D380427B7246200231AD1 /* SCNSphere+Init.swift */,
				940D380627B7247B00231AD1 /* AreaViewController.swift */,
				940D380827B7249500231AD1 /* DistanceMeasureViewController.swift */,
				940D380A27B724A700231AD1 /* LineNode.swift */,
				940D380C27B724CB00231AD1 /* Measure.storyboard */,
			);
			path = Measures;
			sourceTree = "<group>";
		};
		940D380E27B7282F00231AD1 /* Reconstruction */ = {
			isa = PBXGroup;
			children = (
				940D380F27B7283E00231AD1 /* ReconstructionViewController.swift */,
				940D381127B7287800231AD1 /* Reconstruction.storyboard */,
			);
			path = Reconstruction;
			sourceTree = "<group>";
		};
		940D381327B729F900231AD1 /* Common */ = {
			isa = PBXGroup;
			children = (
				940D381427B72A0E00231AD1 /* ARMeshGeometry+Ext.swift */,
				940D381627B72A5400231AD1 /* ARFrame+Ext.swift */,
				940D381827B72A7900231AD1 /* MDLMesh+Ext.swift */,
				940D381A27B72A9400231AD1 /* SCNGeometry+Ext.swift */,
			);
			path = Common;
			sourceTree = "<group>";
		};
		944A4B4C27366D9000811D53 /* Views */ = {
			isa = PBXGroup;
			children = (
				944A4B55273672B400811D53 /* LoginView.swift */,
				EACEA77128CB8413007DECAD /* NavigationBar.swift */,
				EACEA77328CB84AE007DECAD /* HomeMenu.swift */,
				94CD61EF27674E5B0046B02E /* ProfileView.swift */,
				EA7F07D327F738AA00DFC8CE /* CustomNavigation.swift */,
				EACEA77528CB8763007DECAD /* Feedback.swift */,
				EA2DB563289EBFCB00C66C88 /* GenericRegulationView.swift */,
				EA7F07D127F7231300DFC8CE /* Door.swift */,
				EA5537CF282A532F00780CB8 /* Corridor.swift */,
				EA5537D1282A5C7F00780CB8 /* WaitingLine.swift */,
				EA5537D3282A85A800780CB8 /* Stairs.swift */,
				EAAAF47F282A8AAB00D7A04B /* Elevator.swift */,
				EA17E3DE282BE7F100F3995F /* Ramp.swift */,
				EAB77C08282E574600185C1A /* SummaryPage.swift */,
				EA02F75A287B2F5400954209 /* StageDelegate.swift */,
				EA87EBFC287C1A2900140E30 /* ReferencedSubSteps.swift */,
				EA2DB567289EC0AF00C66C88 /* RegulationsSelection.swift */,
				EA2DB569289EC13100C66C88 /* DataTypes.swift */,
				EAC2B98028C636CD001708A5 /* DropDownMenu.swift */,
				EA00C1F728C7663300CED8AC /* Prestage.swift */,
				EA6F4D9727E0CD92009CDDAF /* Style.swift */,
				EA8EB9D028D0CE3300A4FD3C /* SavedAudit.swift */,
				EA52737B28D88D6200E52AF8 /* ExternalPath.swift */,
				EA52737D28D897EA00E52AF8 /* Parking.swift */,
			);
			path = Views;
			sourceTree = "<group>";
		};
		9494C80C273668EC00FA0354 /* Models */ = {
			isa = PBXGroup;
			children = (
				EA0B2B6428D648F0001F38D7 /* SaveMode.swift */,
				944A4B4F27366FB100811D53 /* Credentials.swift */,
				EACEA76F28CB7DAF007DECAD /* Structures.swift */,
				940D381327B729F900231AD1 /* Common */,
			);
			path = Models;
			sourceTree = "<group>";
		};
		9494C80D273668FB00FA0354 /* Services */ = {
			isa = PBXGroup;
			children = (
				944A4B5127366FEB00811D53 /* APIService.swift */,
				944A4B53273671C400811D53 /* UIApplication+Extension.swift */,
			);
			path = Services;
			sourceTree = "<group>";
		};
		94996E2C272D3939003E6D96 = {
			isa = PBXGroup;
			children = (
				94996E37272D3939003E6D96 /* Onormes */,
				94996E36272D3939003E6D96 /* Products */,
			);
			sourceTree = "<group>";
		};
		94996E36272D3939003E6D96 /* Products */ = {
			isa = PBXGroup;
			children = (
				94996E35272D3939003E6D96 /* Onormes.app */,
			);
			name = Products;
			sourceTree = "<group>";
		};
		94996E37272D3939003E6D96 /* Onormes */ = {
			isa = PBXGroup;
			children = (
				940D380E27B7282F00231AD1 /* Reconstruction */,
				940D37FF27B7236500231AD1 /* Measures */,
				94088DCD27404C26002F64D5 /* Views Models */,
				944A4B4C27366D9000811D53 /* Views */,
				9494C80D273668FB00FA0354 /* Services */,
				9494C80C273668EC00FA0354 /* Models */,
				949FE4ED272D6B4E008DD273 /* Info.plist */,
				94CD61F127679D0A0046B02E /* GeometryUtils.swift */,
				EA85AB7C28DA1046006D7195 /* AppState.swift */,
				94996E38272D3939003E6D96 /* OnormesApp.swift */,
				944A4B5727367CE300811D53 /* Authentication.swift */,
				94996E3C272D393B003E6D96 /* Assets.xcassets */,
				94996E3E272D393B003E6D96 /* Preview Content */,
			);
			path = Onormes;
			sourceTree = "<group>";
		};
		94996E3E272D393B003E6D96 /* Preview Content */ = {
			isa = PBXGroup;
			children = (
				94996E3F272D393B003E6D96 /* Preview Assets.xcassets */,
			);
			path = "Preview Content";
			sourceTree = "<group>";
		};
/* End PBXGroup section */

/* Begin PBXNativeTarget section */
		94996E34272D3939003E6D96 /* Onormes */ = {
			isa = PBXNativeTarget;
			buildConfigurationList = 94996E43272D393B003E6D96 /* Build configuration list for PBXNativeTarget "Onormes" */;
			buildPhases = (
				94996E31272D3939003E6D96 /* Sources */,
				94996E32272D3939003E6D96 /* Frameworks */,
				94996E33272D3939003E6D96 /* Resources */,
			);
			buildRules = (
			);
			dependencies = (
			);
			name = Onormes;
			productName = Onormes;
			productReference = 94996E35272D3939003E6D96 /* Onormes.app */;
			productType = "com.apple.product-type.application";
		};
/* End PBXNativeTarget section */

/* Begin PBXProject section */
		94996E2D272D3939003E6D96 /* Project object */ = {
			isa = PBXProject;
			attributes = {
				BuildIndependentTargetsInParallel = 1;
				LastSwiftUpdateCheck = 1300;
				LastUpgradeCheck = 1300;
				TargetAttributes = {
					94996E34272D3939003E6D96 = {
						CreatedOnToolsVersion = 13.0;
					};
				};
			};
			buildConfigurationList = 94996E30272D3939003E6D96 /* Build configuration list for PBXProject "Onormes" */;
			compatibilityVersion = "Xcode 13.0";
			developmentRegion = en;
			hasScannedForEncodings = 0;
			knownRegions = (
				en,
				Base,
			);
			mainGroup = 94996E2C272D3939003E6D96;
			productRefGroup = 94996E36272D3939003E6D96 /* Products */;
			projectDirPath = "";
			projectRoot = "";
			targets = (
				94996E34272D3939003E6D96 /* Onormes */,
			);
		};
/* End PBXProject section */

/* Begin PBXResourcesBuildPhase section */
		94996E33272D3939003E6D96 /* Resources */ = {
			isa = PBXResourcesBuildPhase;
			buildActionMask = 2147483647;
			files = (
				94996E40272D393B003E6D96 /* Preview Assets.xcassets in Resources */,
				94996E3D272D393B003E6D96 /* Assets.xcassets in Resources */,
				940D381227B7287800231AD1 /* Reconstruction.storyboard in Resources */,
				940D380D27B724CB00231AD1 /* Measure.storyboard in Resources */,
			);
			runOnlyForDeploymentPostprocessing = 0;
		};
/* End PBXResourcesBuildPhase section */

/* Begin PBXSourcesBuildPhase section */
		94996E31272D3939003E6D96 /* Sources */ = {
			isa = PBXSourcesBuildPhase;
			buildActionMask = 2147483647;
			files = (
				940D381927B72A7900231AD1 /* MDLMesh+Ext.swift in Sources */,
				EAAAF480282A8AAC00D7A04B /* Elevator.swift in Sources */,
				940D380927B7249500231AD1 /* DistanceMeasureViewController.swift in Sources */,
				EA0B2B6528D648F0001F38D7 /* SaveMode.swift in Sources */,
				EA5537D0282A532F00780CB8 /* Corridor.swift in Sources */,
				EA00C1F828C7663300CED8AC /* Prestage.swift in Sources */,
				94CD61F027674E5B0046B02E /* ProfileView.swift in Sources */,
				EA2DB56A289EC13100C66C88 /* DataTypes.swift in Sources */,
				EAC2B98128C636CE001708A5 /* DropDownMenu.swift in Sources */,
				EA2DB566289EC05600C66C88 /* GenericRegulationViewModel.swift in Sources */,
				EACEA77428CB84AE007DECAD /* HomeMenu.swift in Sources */,
				940D380527B7246200231AD1 /* SCNSphere+Init.swift in Sources */,
				EACEA77228CB8413007DECAD /* NavigationBar.swift in Sources */,
				944A4B56273672B400811D53 /* LoginView.swift in Sources */,
				EA5537D4282A85A800780CB8 /* Stairs.swift in Sources */,
				EA87EBFD287C1A2900140E30 /* ReferencedSubSteps.swift in Sources */,
				EA5537D2282A5C7F00780CB8 /* WaitingLine.swift in Sources */,
				9412DA25276A0AFF0021A441 /* UserViewModel.swift in Sources */,
				EA8EB9D128D0CE3300A4FD3C /* SavedAudit.swift in Sources */,
				EA6F4D9827E0CD92009CDDAF /* Style.swift in Sources */,
				EA02F75B287B2F5400954209 /* StageDelegate.swift in Sources */,
				EA7F07D427F738AA00DFC8CE /* CustomNavigation.swift in Sources */,
				944A4B5227366FEB00811D53 /* APIService.swift in Sources */,
				94996E39272D3939003E6D96 /* OnormesApp.swift in Sources */,
				944A4B54273671C400811D53 /* UIApplication+Extension.swift in Sources */,
				944A4B5027366FB100811D53 /* Credentials.swift in Sources */,
				EA1D30B027E20A4F004BCC97 /* UserJourneyCoordinator.swift in Sources */,
				EA85AB7D28DA1046006D7195 /* AppState.swift in Sources */,
				940D380727B7247B00231AD1 /* AreaViewController.swift in Sources */,
				940D380327B7244200231AD1 /* MeasureSCNView.swift in Sources */,
				94CD61F227679D0A0046B02E /* GeometryUtils.swift in Sources */,
				EA2DB564289EBFCB00C66C88 /* GenericRegulationView.swift in Sources */,
				940D380127B7241700231AD1 /* MeasureViewController.swift in Sources */,
				940D380B27B724A700231AD1 /* LineNode.swift in Sources */,
				EACEA77028CB7DAF007DECAD /* Structures.swift in Sources */,
				EA52737E28D897EA00E52AF8 /* Parking.swift in Sources */,
				EAB77C09282E574600185C1A /* SummaryPage.swift in Sources */,
				940D381527B72A0E00231AD1 /* ARMeshGeometry+Ext.swift in Sources */,
				EACEA77628CB8763007DECAD /* Feedback.swift in Sources */,
				940D381027B7283E00231AD1 /* ReconstructionViewController.swift in Sources */,
				EA7F07D227F7231300DFC8CE /* Door.swift in Sources */,
				944A4B4E27366DAA00811D53 /* LoginViewModel.swift in Sources */,
				940D381727B72A5400231AD1 /* ARFrame+Ext.swift in Sources */,
				EA52737C28D88D6200E52AF8 /* ExternalPath.swift in Sources */,
				940D381B27B72A9400231AD1 /* SCNGeometry+Ext.swift in Sources */,
				EA17E3DF282BE7F100F3995F /* Ramp.swift in Sources */,
				EA2DB568289EC0AF00C66C88 /* RegulationsSelection.swift in Sources */,
				944A4B5827367CE300811D53 /* Authentication.swift in Sources */,
			);
			runOnlyForDeploymentPostprocessing = 0;
		};
/* End PBXSourcesBuildPhase section */

/* Begin XCBuildConfiguration section */
		94996E41272D393B003E6D96 /* Debug */ = {
			isa = XCBuildConfiguration;
			buildSettings = {
				ALWAYS_SEARCH_USER_PATHS = NO;
				CLANG_ANALYZER_NONNULL = YES;
				CLANG_ANALYZER_NUMBER_OBJECT_CONVERSION = YES_AGGRESSIVE;
				CLANG_CXX_LANGUAGE_STANDARD = "gnu++17";
				CLANG_CXX_LIBRARY = "libc++";
				CLANG_ENABLE_MODULES = YES;
				CLANG_ENABLE_OBJC_ARC = YES;
				CLANG_ENABLE_OBJC_WEAK = YES;
				CLANG_WARN_BLOCK_CAPTURE_AUTORELEASING = YES;
				CLANG_WARN_BOOL_CONVERSION = YES;
				CLANG_WARN_COMMA = YES;
				CLANG_WARN_CONSTANT_CONVERSION = YES;
				CLANG_WARN_DEPRECATED_OBJC_IMPLEMENTATIONS = YES;
				CLANG_WARN_DIRECT_OBJC_ISA_USAGE = YES_ERROR;
				CLANG_WARN_DOCUMENTATION_COMMENTS = YES;
				CLANG_WARN_EMPTY_BODY = YES;
				CLANG_WARN_ENUM_CONVERSION = YES;
				CLANG_WARN_INFINITE_RECURSION = YES;
				CLANG_WARN_INT_CONVERSION = YES;
				CLANG_WARN_NON_LITERAL_NULL_CONVERSION = YES;
				CLANG_WARN_OBJC_IMPLICIT_RETAIN_SELF = YES;
				CLANG_WARN_OBJC_LITERAL_CONVERSION = YES;
				CLANG_WARN_OBJC_ROOT_CLASS = YES_ERROR;
				CLANG_WARN_QUOTED_INCLUDE_IN_FRAMEWORK_HEADER = YES;
				CLANG_WARN_RANGE_LOOP_ANALYSIS = YES;
				CLANG_WARN_STRICT_PROTOTYPES = YES;
				CLANG_WARN_SUSPICIOUS_MOVE = YES;
				CLANG_WARN_UNGUARDED_AVAILABILITY = YES_AGGRESSIVE;
				CLANG_WARN_UNREACHABLE_CODE = YES;
				CLANG_WARN__DUPLICATE_METHOD_MATCH = YES;
				COPY_PHASE_STRIP = NO;
				DEBUG_INFORMATION_FORMAT = dwarf;
				ENABLE_STRICT_OBJC_MSGSEND = YES;
				ENABLE_TESTABILITY = YES;
				GCC_C_LANGUAGE_STANDARD = gnu11;
				GCC_DYNAMIC_NO_PIC = NO;
				GCC_NO_COMMON_BLOCKS = YES;
				GCC_OPTIMIZATION_LEVEL = 0;
				GCC_PREPROCESSOR_DEFINITIONS = (
					"DEBUG=1",
					"$(inherited)",
				);
				GCC_WARN_64_TO_32_BIT_CONVERSION = YES;
				GCC_WARN_ABOUT_RETURN_TYPE = YES_ERROR;
				GCC_WARN_UNDECLARED_SELECTOR = YES;
				GCC_WARN_UNINITIALIZED_AUTOS = YES_AGGRESSIVE;
				GCC_WARN_UNUSED_FUNCTION = YES;
				GCC_WARN_UNUSED_VARIABLE = YES;
				IPHONEOS_DEPLOYMENT_TARGET = 15.0;
				MTL_ENABLE_DEBUG_INFO = INCLUDE_SOURCE;
				MTL_FAST_MATH = YES;
				ONLY_ACTIVE_ARCH = YES;
				SDKROOT = iphoneos;
				SWIFT_ACTIVE_COMPILATION_CONDITIONS = DEBUG;
				SWIFT_OPTIMIZATION_LEVEL = "-Onone";
			};
			name = Debug;
		};
		94996E42272D393B003E6D96 /* Release */ = {
			isa = XCBuildConfiguration;
			buildSettings = {
				ALWAYS_SEARCH_USER_PATHS = NO;
				CLANG_ANALYZER_NONNULL = YES;
				CLANG_ANALYZER_NUMBER_OBJECT_CONVERSION = YES_AGGRESSIVE;
				CLANG_CXX_LANGUAGE_STANDARD = "gnu++17";
				CLANG_CXX_LIBRARY = "libc++";
				CLANG_ENABLE_MODULES = YES;
				CLANG_ENABLE_OBJC_ARC = YES;
				CLANG_ENABLE_OBJC_WEAK = YES;
				CLANG_WARN_BLOCK_CAPTURE_AUTORELEASING = YES;
				CLANG_WARN_BOOL_CONVERSION = YES;
				CLANG_WARN_COMMA = YES;
				CLANG_WARN_CONSTANT_CONVERSION = YES;
				CLANG_WARN_DEPRECATED_OBJC_IMPLEMENTATIONS = YES;
				CLANG_WARN_DIRECT_OBJC_ISA_USAGE = YES_ERROR;
				CLANG_WARN_DOCUMENTATION_COMMENTS = YES;
				CLANG_WARN_EMPTY_BODY = YES;
				CLANG_WARN_ENUM_CONVERSION = YES;
				CLANG_WARN_INFINITE_RECURSION = YES;
				CLANG_WARN_INT_CONVERSION = YES;
				CLANG_WARN_NON_LITERAL_NULL_CONVERSION = YES;
				CLANG_WARN_OBJC_IMPLICIT_RETAIN_SELF = YES;
				CLANG_WARN_OBJC_LITERAL_CONVERSION = YES;
				CLANG_WARN_OBJC_ROOT_CLASS = YES_ERROR;
				CLANG_WARN_QUOTED_INCLUDE_IN_FRAMEWORK_HEADER = YES;
				CLANG_WARN_RANGE_LOOP_ANALYSIS = YES;
				CLANG_WARN_STRICT_PROTOTYPES = YES;
				CLANG_WARN_SUSPICIOUS_MOVE = YES;
				CLANG_WARN_UNGUARDED_AVAILABILITY = YES_AGGRESSIVE;
				CLANG_WARN_UNREACHABLE_CODE = YES;
				CLANG_WARN__DUPLICATE_METHOD_MATCH = YES;
				COPY_PHASE_STRIP = NO;
				DEBUG_INFORMATION_FORMAT = "dwarf-with-dsym";
				ENABLE_NS_ASSERTIONS = NO;
				ENABLE_STRICT_OBJC_MSGSEND = YES;
				GCC_C_LANGUAGE_STANDARD = gnu11;
				GCC_NO_COMMON_BLOCKS = YES;
				GCC_WARN_64_TO_32_BIT_CONVERSION = YES;
				GCC_WARN_ABOUT_RETURN_TYPE = YES_ERROR;
				GCC_WARN_UNDECLARED_SELECTOR = YES;
				GCC_WARN_UNINITIALIZED_AUTOS = YES_AGGRESSIVE;
				GCC_WARN_UNUSED_FUNCTION = YES;
				GCC_WARN_UNUSED_VARIABLE = YES;
				IPHONEOS_DEPLOYMENT_TARGET = 15.0;
				MTL_ENABLE_DEBUG_INFO = NO;
				MTL_FAST_MATH = YES;
				SDKROOT = iphoneos;
				SWIFT_COMPILATION_MODE = wholemodule;
				SWIFT_OPTIMIZATION_LEVEL = "-O";
				VALIDATE_PRODUCT = YES;
			};
			name = Release;
		};
		94996E44272D393B003E6D96 /* Debug */ = {
			isa = XCBuildConfiguration;
			buildSettings = {
				ASSETCATALOG_COMPILER_APPICON_NAME = AppIcon;
				ASSETCATALOG_COMPILER_GLOBAL_ACCENT_COLOR_NAME = AccentColor;
				ASSETCATALOG_COMPILER_INCLUDE_ALL_APPICON_ASSETS = YES;
				CODE_SIGN_STYLE = Automatic;
				CURRENT_PROJECT_VERSION = 1;
				DEVELOPMENT_ASSET_PATHS = "\"Onormes/Preview Content\"";
				DEVELOPMENT_TEAM = 72MXWMDSCH;
				EMBED_ASSET_PACKS_IN_PRODUCT_BUNDLE = YES;
				ENABLE_PREVIEWS = YES;
				GENERATE_INFOPLIST_FILE = YES;
				INFOPLIST_FILE = Onormes/Info.plist;
				INFOPLIST_KEY_CFBundleDisplayName = "O-Normes";
				INFOPLIST_KEY_NSCameraUsageDescription = "Using Camera";
				INFOPLIST_KEY_UIApplicationSceneManifest_Generation = YES;
				INFOPLIST_KEY_UIApplicationSupportsIndirectInputEvents = YES;
				INFOPLIST_KEY_UILaunchScreen_Generation = YES;
				INFOPLIST_KEY_UISupportedInterfaceOrientations_iPad = "UIInterfaceOrientationPortrait UIInterfaceOrientationPortraitUpsideDown UIInterfaceOrientationLandscapeLeft UIInterfaceOrientationLandscapeRight";
				INFOPLIST_KEY_UISupportedInterfaceOrientations_iPhone = "UIInterfaceOrientationPortrait UIInterfaceOrientationLandscapeLeft UIInterfaceOrientationLandscapeRight";
				IPHONEOS_DEPLOYMENT_TARGET = 15.0;
				LD_RUNPATH_SEARCH_PATHS = (
					"$(inherited)",
					"@executable_path/Frameworks",
				);
				MARKETING_VERSION = 1.0;
				PRODUCT_BUNDLE_IDENTIFIER = app.onormes.test;
				PRODUCT_NAME = "$(TARGET_NAME)";
				SWIFT_EMIT_LOC_STRINGS = YES;
				SWIFT_VERSION = 5.0;
				TARGETED_DEVICE_FAMILY = "1,2";
			};
			name = Debug;
		};
		94996E45272D393B003E6D96 /* Release */ = {
			isa = XCBuildConfiguration;
			buildSettings = {
				ASSETCATALOG_COMPILER_APPICON_NAME = AppIcon;
				ASSETCATALOG_COMPILER_GLOBAL_ACCENT_COLOR_NAME = AccentColor;
				ASSETCATALOG_COMPILER_INCLUDE_ALL_APPICON_ASSETS = YES;
				CODE_SIGN_STYLE = Automatic;
				CURRENT_PROJECT_VERSION = 1;
				DEVELOPMENT_ASSET_PATHS = "\"Onormes/Preview Content\"";
				DEVELOPMENT_TEAM = 72MXWMDSCH;
				EMBED_ASSET_PACKS_IN_PRODUCT_BUNDLE = YES;
				ENABLE_PREVIEWS = YES;
				GENERATE_INFOPLIST_FILE = YES;
				INFOPLIST_FILE = Onormes/Info.plist;
				INFOPLIST_KEY_CFBundleDisplayName = "O-Normes";
				INFOPLIST_KEY_NSCameraUsageDescription = "Using Camera";
				INFOPLIST_KEY_UIApplicationSceneManifest_Generation = YES;
				INFOPLIST_KEY_UIApplicationSupportsIndirectInputEvents = YES;
				INFOPLIST_KEY_UILaunchScreen_Generation = YES;
				INFOPLIST_KEY_UISupportedInterfaceOrientations_iPad = "UIInterfaceOrientationPortrait UIInterfaceOrientationPortraitUpsideDown UIInterfaceOrientationLandscapeLeft UIInterfaceOrientationLandscapeRight";
				INFOPLIST_KEY_UISupportedInterfaceOrientations_iPhone = "UIInterfaceOrientationPortrait UIInterfaceOrientationLandscapeLeft UIInterfaceOrientationLandscapeRight";
				IPHONEOS_DEPLOYMENT_TARGET = 15.0;
				LD_RUNPATH_SEARCH_PATHS = (
					"$(inherited)",
					"@executable_path/Frameworks",
				);
				MARKETING_VERSION = 1.0;
				PRODUCT_BUNDLE_IDENTIFIER = app.onormes.test;
				PRODUCT_NAME = "$(TARGET_NAME)";
				SWIFT_EMIT_LOC_STRINGS = YES;
				SWIFT_VERSION = 5.0;
				TARGETED_DEVICE_FAMILY = "1,2";
			};
			name = Release;
		};
/* End XCBuildConfiguration section */

/* Begin XCConfigurationList section */
		94996E30272D3939003E6D96 /* Build configuration list for PBXProject "Onormes" */ = {
			isa = XCConfigurationList;
			buildConfigurations = (
				94996E41272D393B003E6D96 /* Debug */,
				94996E42272D393B003E6D96 /* Release */,
			);
			defaultConfigurationIsVisible = 0;
			defaultConfigurationName = Release;
		};
		94996E43272D393B003E6D96 /* Build configuration list for PBXNativeTarget "Onormes" */ = {
			isa = XCConfigurationList;
			buildConfigurations = (
				94996E44272D393B003E6D96 /* Debug */,
				94996E45272D393B003E6D96 /* Release */,
			);
			defaultConfigurationIsVisible = 0;
			defaultConfigurationName = Release;
		};
/* End XCConfigurationList section */
	};
	rootObject = 94996E2D272D3939003E6D96 /* Project object */;
}
